
Microsoft Visual Studio Solution File, Format Version 12.00
# Visual Studio Version 16
VisualStudioVersion = 16.0.31019.35
MinimumVisualStudioVersion = 10.0.40219.1
Project("{8BC9CEB8-8B4A-11D0-8D11-00A0C91BC942}") = "salute_qt", "salute_qt\salute_qt.vcxproj", "{0AAAF698-45EA-48F4-BCDF-0DF8FF19DF44}"
EndProject
Global
	GlobalSection(SolutionConfigurationPlatforms) = preSolution
		Debug|x64 = Debug|x64
		Release|x64 = Release|x64
	EndGlobalSection
	GlobalSection(ProjectConfigurationPlatforms) = postSolution
		{0AAAF698-45EA-48F4-BCDF-0DF8FF19DF44}.Debug|x64.ActiveCfg = Debug|x64
		{0AAAF698-45EA-48F4-BCDF-0DF8FF19DF44}.Debug|x64.Build.0 = Debug|x64
		{0AAAF698-45EA-48F4-BCDF-0DF8FF19DF44}.Release|x64.ActiveCfg = Release|x64
		{0AAAF698-45EA-48F4-BCDF-0DF8FF19DF44}.Release|x64.Build.0 = Release|x64
	EndGlobalSection
	GlobalSection(SolutionProperties) = preSolution
		HideSolutionNode = FALSE
	EndGlobalSection
	GlobalSection(ExtensibilityGlobals) = postSolution
		SolutionGuid = {F069403A-667D-42EA-A451-51F5631665A2}
	EndGlobalSection
EndGlobal
